PODS:
  - everlink_sdk (2.0.0):
    - EverlinkBroadcastSDK (= 3.2.1)
    - Flutter
  - EverlinkBroadcastSDK (3.2.1)
  - Flutter (1.0.0)
  - integration_test (0.0.1):
    - Flutter

DEPENDENCIES:
  - everlink_sdk (from `.symlinks/plugins/everlink_sdk/ios`)
  - Flutter (from `Flutter`)
  - integration_test (from `.symlinks/plugins/integration_test/ios`)

SPEC REPOS:
  trunk:
    - EverlinkBroadcastSDK

EXTERNAL SOURCES:
  everlink_sdk:
    :path: ".symlinks/plugins/everlink_sdk/ios"
  Flutter:
    :path: Flutter
  integration_test:
    :path: ".symlinks/plugins/integration_test/ios"

SPEC CHECKSUMS:
  everlink_sdk: b007af7b97eb41ddb2f0f5d16d6a7139b8b93468
  EverlinkBroadcastSDK: 3c524f0d184967f18a7e9f80235a4991758cc961
  Flutter: e0871f40cf51350855a761d2e70bf5af5b9b5de7
  integration_test: 252f60fa39af5e17c3aa9899d35d908a0721b573

PODFILE CHECKSUM: 819463e6a0290f5a72f145ba7cde16e8b6ef0796

COCOAPODS: 1.16.2
