PODS:
  - everlink_sdk (1.2.0):
    - EverlinkBroadcastSDK (= 3.1.1)
    - Flutter
  - EverlinkBroadcastSDK (3.1.1)
  - Flutter (1.0.0)
  - integration_test (0.0.1):
    - Flutter

DEPENDENCIES:
  - everlink_sdk (from `.symlinks/plugins/everlink_sdk/ios`)
  - Flutter (from `Flutter`)
  - integration_test (from `.symlinks/plugins/integration_test/ios`)

SPEC REPOS:
  trunk:
    - EverlinkBroadcastSDK

EXTERNAL SOURCES:
  everlink_sdk:
    :path: ".symlinks/plugins/everlink_sdk/ios"
  Flutter:
    :path: Flutter
  integration_test:
    :path: ".symlinks/plugins/integration_test/ios"

SPEC CHECKSUMS:
  everlink_sdk: 7a6037db6e4a3b6fdda20f6a577bd63e625f04ce
  EverlinkBroadcastSDK: 06e92ce4cc2574445315c676f0745d2415b3c066
  Flutter: e0871f40cf51350855a761d2e70bf5af5b9b5de7
  integration_test: 252f60fa39af5e17c3aa9899d35d908a0721b573

PODFILE CHECKSUM: 819463e6a0290f5a72f145ba7cde16e8b6ef0796

COCOAPODS: 1.16.2
